
Microsoft Visual Studio Solution File, Format Version 12.00
# Visual Studio 15
VisualStudioVersion = 15.0.28010.2019
MinimumVisualStudioVersion = 10.0.40219.1
Project("{FAE04EC0-301F-11D3-BF4B-00C04F79EFBC}") = "SpaceMouse-HidLibrary", "SpaceMouse-HidLibrary.csproj", "{87B53054-A417-4AEB-8DB1-0C18A9E6A084}"
EndProject
Project("{FAE04EC0-301F-11D3-BF4B-00C04F79EFBC}") = "TestApp", "TestApp\TestApp.csproj", "{12F8AB62-C4D0-4DA6-A62D-847F6C94B61B}"
EndProject
Global
	GlobalSection(SolutionConfigurationPlatforms) = preSolution
		Debug|Any CPU = Debug|Any CPU
		Release|Any CPU = Release|Any CPU
	EndGlobalSection
	GlobalSection(ProjectConfigurationPlatforms) = postSolution
		{87B53054-A417-4AEB-8DB1-0C18A9E6A084}.Debug|Any CPU.ActiveCfg = Debug|Any CPU
		{87B53054-A417-4AEB-8DB1-0C18A9E6A084}.Debug|Any CPU.Build.0 = Debug|Any CPU
		{87B53054-A417-4AEB-8DB1-0C18A9E6A084}.Release|Any CPU.ActiveCfg = Release|Any CPU
		{87B53054-A417-4AEB-8DB1-0C18A9E6A084}.Release|Any CPU.Build.0 = Release|Any CPU
		{12F8AB62-C4D0-4DA6-A62D-847F6C94B61B}.Debug|Any CPU.ActiveCfg = Debug|Any CPU
		{12F8AB62-C4D0-4DA6-A62D-847F6C94B61B}.Debug|Any CPU.Build.0 = Debug|Any CPU
		{12F8AB62-C4D0-4DA6-A62D-847F6C94B61B}.Release|Any CPU.ActiveCfg = Release|Any CPU
		{12F8AB62-C4D0-4DA6-A62D-847F6C94B61B}.Release|Any CPU.Build.0 = Release|Any CPU
	EndGlobalSection
	GlobalSection(SolutionProperties) = preSolution
		HideSolutionNode = FALSE
	EndGlobalSection
	GlobalSection(ExtensibilityGlobals) = postSolution
		SolutionGuid = {538519A5-2930-4CD4-AE39-6E3A85276CAC}
	EndGlobalSection
EndGlobal
